
Microsoft Visual Studio Solution File, Format Version 12.00
# Visual Studio Version 17
VisualStudioVersion = 17.9.34622.214
MinimumVisualStudioVersion = 10.0.40219.1
Project("{FAE04EC0-301F-11D3-BF4B-00C04F79EFBC}") = "c#_crash", "c#_crash\c#_crash.csproj", "{9646862A-2B4F-4D40-9E19-DC43FA4205AB}"
EndProject
Global
	GlobalSection(SolutionConfigurationPlatforms) = preSolution
		Debug|Any CPU = Debug|Any CPU
		Release|Any CPU = Release|Any CPU
	EndGlobalSection
	GlobalSection(ProjectConfigurationPlatforms) = postSolution
		{9646862A-2B4F-4D40-9E19-DC43FA4205AB}.Debug|Any CPU.ActiveCfg = Debug|Any CPU
		{9646862A-2B4F-4D40-9E19-DC43FA4205AB}.Debug|Any CPU.Build.0 = Debug|Any CPU
		{9646862A-2B4F-4D40-9E19-DC43FA4205AB}.Release|Any CPU.ActiveCfg = Release|Any CPU
		{9646862A-2B4F-4D40-9E19-DC43FA4205AB}.Release|Any CPU.Build.0 = Release|Any CPU
	EndGlobalSection
	GlobalSection(SolutionProperties) = preSolution
		HideSolutionNode = FALSE
	EndGlobalSection
	GlobalSection(ExtensibilityGlobals) = postSolution
		SolutionGuid = {1D3BF7FF-5B2F-4EA3-A0B5-BE4C948F1664}
	EndGlobalSection
EndGlobal
